// !$*UTF8*$!
{
	archiveVersion = 1;
	classes = {
	};
	objectVersion = 55;
	objects = {

/* Begin PBXBuildFile section */
		0817A4ED28E1A1D6007217C2 /* EmojisListViewController.swift in Sources */ = {isa = PBXBuildFile; fileRef = 0817A4EC28E1A1D6007217C2 /* EmojisListViewController.swift */; };
		0817A4F128E1AE17007217C2 /* AvatarsListViewController.swift in Sources */ = {isa = PBXBuildFile; fileRef = 0817A4F028E1AE17007217C2 /* AvatarsListViewController.swift */; };
		0817A4F328E1AE2F007217C2 /* AppleReposViewController.swift in Sources */ = {isa = PBXBuildFile; fileRef = 0817A4F228E1AE2F007217C2 /* AppleReposViewController.swift */; };
		0817A4F528E1B774007217C2 /* Coordinator.swift in Sources */ = {isa = PBXBuildFile; fileRef = 0817A4F428E1B774007217C2 /* Coordinator.swift */; };
		0817A4F728E1B898007217C2 /* MainCoordinator.swift in Sources */ = {isa = PBXBuildFile; fileRef = 0817A4F628E1B898007217C2 /* MainCoordinator.swift */; };
		0817FB4A28EEE32100092812 /* MockEmojiService.swift in Sources */ = {isa = PBXBuildFile; fileRef = 0817FB4928EEE32100092812 /* MockEmojiService.swift */; };
		0817FB4C28EEE40E00092812 /* EmojiService.swift in Sources */ = {isa = PBXBuildFile; fileRef = 0817FB4B28EEE40E00092812 /* EmojiService.swift */; };
		081F2B9428DDC2860003AB99 /* AppDelegate.swift in Sources */ = {isa = PBXBuildFile; fileRef = 081F2B9328DDC2860003AB99 /* AppDelegate.swift */; };
		081F2B9628DDC2860003AB99 /* SceneDelegate.swift in Sources */ = {isa = PBXBuildFile; fileRef = 081F2B9528DDC2860003AB99 /* SceneDelegate.swift */; };
		081F2B9D28DDC2870003AB99 /* Assets.xcassets in Resources */ = {isa = PBXBuildFile; fileRef = 081F2B9C28DDC2870003AB99 /* Assets.xcassets */; };
		081F2BA028DDC2870003AB99 /* LaunchScreen.storyboard in Resources */ = {isa = PBXBuildFile; fileRef = 081F2B9E28DDC2870003AB99 /* LaunchScreen.storyboard */; };
		0822F00729151E7F00A5291D /* RxCocoa in Frameworks */ = {isa = PBXBuildFile; productRef = 0822F00629151E7F00A5291D /* RxCocoa */; };
		0822F00929151E7F00A5291D /* RxRelay in Frameworks */ = {isa = PBXBuildFile; productRef = 0822F00829151E7F00A5291D /* RxRelay */; };
		0822F00B29151E7F00A5291D /* RxSwift in Frameworks */ = {isa = PBXBuildFile; productRef = 0822F00A29151E7F00A5291D /* RxSwift */; };
		0822F0112915213400A5291D /* MainView.swift in Sources */ = {isa = PBXBuildFile; fileRef = 0822F0102915213400A5291D /* MainView.swift */; };
		0822F01529152E3500A5291D /* BaseGenericView.swift in Sources */ = {isa = PBXBuildFile; fileRef = 0822F01429152E3500A5291D /* BaseGenericView.swift */; };
		0822F01729152E4100A5291D /* BaseGenericViewController.swift in Sources */ = {isa = PBXBuildFile; fileRef = 0822F01629152E4100A5291D /* BaseGenericViewController.swift */; };
		0822F01B2915634400A5291D /* EmojisListView.swift in Sources */ = {isa = PBXBuildFile; fileRef = 0822F01A2915634400A5291D /* EmojisListView.swift */; };
		0822F01D2915730600A5291D /* AvatarsListView.swift in Sources */ = {isa = PBXBuildFile; fileRef = 0822F01C2915730600A5291D /* AvatarsListView.swift */; };
		0826D3872902A8D100439C98 /* MockAppleReposDataSource.swift in Sources */ = {isa = PBXBuildFile; fileRef = 0826D3862902A8D100439C98 /* MockAppleReposDataSource.swift */; };
		08490FAC28E723B800DAB664 /* EmojiApi.swift in Sources */ = {isa = PBXBuildFile; fileRef = 08490FAB28E723B800DAB664 /* EmojiApi.swift */; };
		08490FAE28E726DF00DAB664 /* NetworkManager.swift in Sources */ = {isa = PBXBuildFile; fileRef = 08490FAD28E726DF00DAB664 /* NetworkManager.swift */; };
		086398E728F0833C0031B62A /* Spacing.swift in Sources */ = {isa = PBXBuildFile; fileRef = 086398E628F0833C0031B62A /* Spacing.swift */; };
		086398EA28F087CC0031B62A /* Colors.xcassets in Resources */ = {isa = PBXBuildFile; fileRef = 086398E928F087CC0031B62A /* Colors.xcassets */; };
		0870217929083D4A0055B9FF /* Constants.swift in Sources */ = {isa = PBXBuildFile; fileRef = 0870217829083D4A0055B9FF /* Constants.swift */; };
		0870217B2908404F0055B9FF /* EmojiCell.swift in Sources */ = {isa = PBXBuildFile; fileRef = 0870217A2908404F0055B9FF /* EmojiCell.swift */; };
		0870217D290841B90055B9FF /* AppleReposCell.swift in Sources */ = {isa = PBXBuildFile; fileRef = 0870217C290841B90055B9FF /* AppleReposCell.swift */; };
		0870217F290842560055B9FF /* ReusableCell.swift in Sources */ = {isa = PBXBuildFile; fileRef = 0870217E290842560055B9FF /* ReusableCell.swift */; };
		08702181290843080055B9FF /* UICollectionViewCell+ReusableView.swift in Sources */ = {isa = PBXBuildFile; fileRef = 08702180290843080055B9FF /* UICollectionViewCell+ReusableView.swift */; };
		08702183290843310055B9FF /* UITableViewCell+ReusableView.swift in Sources */ = {isa = PBXBuildFile; fileRef = 08702182290843310055B9FF /* UITableViewCell+ReusableView.swift */; };
		088B3FD128F70B0E005D2C78 /* AvatarPersistence.swift in Sources */ = {isa = PBXBuildFile; fileRef = 088B3FD028F70B0E005D2C78 /* AvatarPersistence.swift */; };
		08950FE129127CAA008A0B4A /* NSManagedObject+Emoji.swift in Sources */ = {isa = PBXBuildFile; fileRef = 08950FE029127CAA008A0B4A /* NSManagedObject+Emoji.swift */; };
		089CA0B528E31F8000386DF0 /* Alamofire in Frameworks */ = {isa = PBXBuildFile; productRef = 089CA0B428E31F8000386DF0 /* Alamofire */; };
		089F9410290A8C4B00C3072E /* MainPageViewModel.swift in Sources */ = {isa = PBXBuildFile; fileRef = 089F940F290A8C4B00C3072E /* MainPageViewModel.swift */; };
		089F9412290A8CC400C3072E /* Box.swift in Sources */ = {isa = PBXBuildFile; fileRef = 089F9411290A8CC400C3072E /* Box.swift */; };
		089F9416290AD0D900C3072E /* EmojiListViewModel.swift in Sources */ = {isa = PBXBuildFile; fileRef = 089F9415290AD0D900C3072E /* EmojiListViewModel.swift */; };
		089F9418290AD20500C3072E /* MockEmojisDataSource.swift in Sources */ = {isa = PBXBuildFile; fileRef = 089F9417290AD20500C3072E /* MockEmojisDataSource.swift */; };
		089F941A290AE14300C3072E /* AvatarListViewModel.swift in Sources */ = {isa = PBXBuildFile; fileRef = 089F9419290AE14300C3072E /* AvatarListViewModel.swift */; };
		08A6CB5C28FFFD8500FF4B92 /* AppleRepos.swift in Sources */ = {isa = PBXBuildFile; fileRef = 08A6CB5B28FFFD8500FF4B92 /* AppleRepos.swift */; };
		08A6CB5E2900033F00FF4B92 /* AppleReposApi.swift in Sources */ = {isa = PBXBuildFile; fileRef = 08A6CB5D2900033F00FF4B92 /* AppleReposApi.swift */; };
		08A6CB602900037D00FF4B92 /* LiveAppleReposService.swift in Sources */ = {isa = PBXBuildFile; fileRef = 08A6CB5F2900037D00FF4B92 /* LiveAppleReposService.swift */; };
		08A6CB6429000FCF00FF4B92 /* AppleRepos+Mock.swift in Sources */ = {isa = PBXBuildFile; fileRef = 08A6CB6329000FCF00FF4B92 /* AppleRepos+Mock.swift */; };
		08A6CB66290140DE00FF4B92 /* AppleReposService.swift in Sources */ = {isa = PBXBuildFile; fileRef = 08A6CB65290140DE00FF4B92 /* AppleReposService.swift */; };
		08A6CB682901410C00FF4B92 /* MockAppleReposService.swift in Sources */ = {isa = PBXBuildFile; fileRef = 08A6CB672901410C00FF4B92 /* MockAppleReposService.swift */; };
		08A8A0B8291947AD009DACAB /* AppleReposView.swift in Sources */ = {isa = PBXBuildFile; fileRef = 08A8A0B7291947AD009DACAB /* AppleReposView.swift */; };
		08B55894291BB48B00C38014 /* Observable+Optional.swift in Sources */ = {isa = PBXBuildFile; fileRef = 08B55893291BB48B00C38014 /* Observable+Optional.swift */; };
		08B6D33628F5611600BBCD38 /* MainViewController.swift in Sources */ = {isa = PBXBuildFile; fileRef = 081F2B9728DDC2860003AB99 /* MainViewController.swift */; };
		08B6D33728F561EE00BBCD38 /* ColorProvider.swift in Sources */ = {isa = PBXBuildFile; fileRef = 087F8DD328F42CBE00D1C77B /* ColorProvider.swift */; };
		08B6D39C28F5849600BBCD38 /* EmojiPersistence.swift in Sources */ = {isa = PBXBuildFile; fileRef = 08B6D39B28F5849600BBCD38 /* EmojiPersistence.swift */; };
		08B6D39F28F5B7B600BBCD38 /* Database.xcdatamodeld in Sources */ = {isa = PBXBuildFile; fileRef = 08B6D39D28F5B7B600BBCD38 /* Database.xcdatamodeld */; };
		08B6D3A128F6C52400BBCD38 /* View+ActivityIndicator.swift in Sources */ = {isa = PBXBuildFile; fileRef = 08B6D3A028F6C52400BBCD38 /* View+ActivityIndicator.swift */; };
		08BB8FC428EC798200CE4576 /* EmojiResponse.swift in Sources */ = {isa = PBXBuildFile; fileRef = 08BB8FC328EC798200CE4576 /* EmojiResponse.swift */; };
		08BB8FC728EC871900CE4576 /* ImageView+Download.swift in Sources */ = {isa = PBXBuildFile; fileRef = 08BB8FC628EC871900CE4576 /* ImageView+Download.swift */; };
		08D00F0D290FD96C00109D63 /* Application.swift in Sources */ = {isa = PBXBuildFile; fileRef = 08D00F0C290FD96C00109D63 /* Application.swift */; };
		08DF7D4D28EB039400B900BC /* AvatarApi.swift in Sources */ = {isa = PBXBuildFile; fileRef = 08DF7D4C28EB039400B900BC /* AvatarApi.swift */; };
		08DF7D4F28EB044800B900BC /* Avatar.swift in Sources */ = {isa = PBXBuildFile; fileRef = 08DF7D4E28EB044800B900BC /* Avatar.swift */; };
		08DF7D5128EB045500B900BC /* Avatar+Mock.swift in Sources */ = {isa = PBXBuildFile; fileRef = 08DF7D5028EB045500B900BC /* Avatar+Mock.swift */; };
		08DF7D5328EB3C4C00B900BC /* LiveAvatarService.swift in Sources */ = {isa = PBXBuildFile; fileRef = 08DF7D5228EB3C4C00B900BC /* LiveAvatarService.swift */; };
		08E8255E28F848A800F1009E /* AvatarService.swift in Sources */ = {isa = PBXBuildFile; fileRef = 08E8255D28F848A800F1009E /* AvatarService.swift */; };
		08E8256028F9A3A800F1009E /* NSManagedObject+Avatar.swift in Sources */ = {isa = PBXBuildFile; fileRef = 08E8255F28F9A3A800F1009E /* NSManagedObject+Avatar.swift */; };
		08FB470128E48246000CC6E7 /* Emoji.swift in Sources */ = {isa = PBXBuildFile; fileRef = 08FB470028E48246000CC6E7 /* Emoji.swift */; };
		08FB470328E48B03000CC6E7 /* Emoji+Mock.swift in Sources */ = {isa = PBXBuildFile; fileRef = 08FB470228E48B03000CC6E7 /* Emoji+Mock.swift */; };
		08FB470628E491D4000CC6E7 /* LiveEmojiService.swift in Sources */ = {isa = PBXBuildFile; fileRef = 08FB470528E491D4000CC6E7 /* LiveEmojiService.swift */; };
		08FB470B28E4AB51000CC6E7 /* AvatarCell.swift in Sources */ = {isa = PBXBuildFile; fileRef = 08FB470A28E4AB51000CC6E7 /* AvatarCell.swift */; };
		08FDDEA6290C1DAE00986A42 /* AppleReposViewModel.swift in Sources */ = {isa = PBXBuildFile; fileRef = 08FDDEA5290C1DAE00986A42 /* AppleReposViewModel.swift */; };
/* End PBXBuildFile section */

/* Begin PBXFileReference section */
		0817A4EC28E1A1D6007217C2 /* EmojisListViewController.swift */ = {isa = PBXFileReference; lastKnownFileType = sourcecode.swift; path = EmojisListViewController.swift; sourceTree = "<group>"; };
		0817A4F028E1AE17007217C2 /* AvatarsListViewController.swift */ = {isa = PBXFileReference; lastKnownFileType = sourcecode.swift; path = AvatarsListViewController.swift; sourceTree = "<group>"; };
		0817A4F228E1AE2F007217C2 /* AppleReposViewController.swift */ = {isa = PBXFileReference; lastKnownFileType = sourcecode.swift; path = AppleReposViewController.swift; sourceTree = "<group>"; };
		0817A4F428E1B774007217C2 /* Coordinator.swift */ = {isa = PBXFileReference; lastKnownFileType = sourcecode.swift; path = Coordinator.swift; sourceTree = "<group>"; };
		0817A4F628E1B898007217C2 /* MainCoordinator.swift */ = {isa = PBXFileReference; lastKnownFileType = sourcecode.swift; path = MainCoordinator.swift; sourceTree = "<group>"; };
		0817FB4928EEE32100092812 /* MockEmojiService.swift */ = {isa = PBXFileReference; lastKnownFileType = sourcecode.swift; path = MockEmojiService.swift; sourceTree = "<group>"; };
		0817FB4B28EEE40E00092812 /* EmojiService.swift */ = {isa = PBXFileReference; lastKnownFileType = sourcecode.swift; path = EmojiService.swift; sourceTree = "<group>"; };
		081F2B9028DDC2860003AB99 /* Challange-1-iOS.app */ = {isa = PBXFileReference; explicitFileType = wrapper.application; includeInIndex = 0; path = "Challange-1-iOS.app"; sourceTree = BUILT_PRODUCTS_DIR; };
		081F2B9328DDC2860003AB99 /* AppDelegate.swift */ = {isa = PBXFileReference; lastKnownFileType = sourcecode.swift; path = AppDelegate.swift; sourceTree = "<group>"; };
		081F2B9528DDC2860003AB99 /* SceneDelegate.swift */ = {isa = PBXFileReference; lastKnownFileType = sourcecode.swift; path = SceneDelegate.swift; sourceTree = "<group>"; };
		081F2B9728DDC2860003AB99 /* MainViewController.swift */ = {isa = PBXFileReference; lastKnownFileType = sourcecode.swift; path = MainViewController.swift; sourceTree = "<group>"; };
		081F2B9C28DDC2870003AB99 /* Assets.xcassets */ = {isa = PBXFileReference; lastKnownFileType = folder.assetcatalog; path = Assets.xcassets; sourceTree = "<group>"; };
		081F2B9F28DDC2870003AB99 /* Base */ = {isa = PBXFileReference; lastKnownFileType = file.storyboard; name = Base; path = Base.lproj/LaunchScreen.storyboard; sourceTree = "<group>"; };
		081F2BA128DDC2870003AB99 /* Info.plist */ = {isa = PBXFileReference; lastKnownFileType = text.plist.xml; path = Info.plist; sourceTree = "<group>"; };
		0822F0102915213400A5291D /* MainView.swift */ = {isa = PBXFileReference; lastKnownFileType = sourcecode.swift; path = MainView.swift; sourceTree = "<group>"; };
		0822F01429152E3500A5291D /* BaseGenericView.swift */ = {isa = PBXFileReference; lastKnownFileType = sourcecode.swift; path = BaseGenericView.swift; sourceTree = "<group>"; };
		0822F01629152E4100A5291D /* BaseGenericViewController.swift */ = {isa = PBXFileReference; lastKnownFileType = sourcecode.swift; path = BaseGenericViewController.swift; sourceTree = "<group>"; };
		0822F01A2915634400A5291D /* EmojisListView.swift */ = {isa = PBXFileReference; lastKnownFileType = sourcecode.swift; path = EmojisListView.swift; sourceTree = "<group>"; };
		0822F01C2915730600A5291D /* AvatarsListView.swift */ = {isa = PBXFileReference; lastKnownFileType = sourcecode.swift; path = AvatarsListView.swift; sourceTree = "<group>"; };
		0826D3862902A8D100439C98 /* MockAppleReposDataSource.swift */ = {isa = PBXFileReference; lastKnownFileType = sourcecode.swift; path = MockAppleReposDataSource.swift; sourceTree = "<group>"; };
		08490FAB28E723B800DAB664 /* EmojiApi.swift */ = {isa = PBXFileReference; lastKnownFileType = sourcecode.swift; path = EmojiApi.swift; sourceTree = "<group>"; };
		08490FAD28E726DF00DAB664 /* NetworkManager.swift */ = {isa = PBXFileReference; lastKnownFileType = sourcecode.swift; path = NetworkManager.swift; sourceTree = "<group>"; };
		086398E628F0833C0031B62A /* Spacing.swift */ = {isa = PBXFileReference; lastKnownFileType = sourcecode.swift; path = Spacing.swift; sourceTree = "<group>"; };
		086398E928F087CC0031B62A /* Colors.xcassets */ = {isa = PBXFileReference; lastKnownFileType = folder.assetcatalog; path = Colors.xcassets; sourceTree = "<group>"; };
		0870217829083D4A0055B9FF /* Constants.swift */ = {isa = PBXFileReference; lastKnownFileType = sourcecode.swift; path = Constants.swift; sourceTree = "<group>"; };
		0870217A2908404F0055B9FF /* EmojiCell.swift */ = {isa = PBXFileReference; lastKnownFileType = sourcecode.swift; path = EmojiCell.swift; sourceTree = "<group>"; };
		0870217C290841B90055B9FF /* AppleReposCell.swift */ = {isa = PBXFileReference; lastKnownFileType = sourcecode.swift; path = AppleReposCell.swift; sourceTree = "<group>"; };
		0870217E290842560055B9FF /* ReusableCell.swift */ = {isa = PBXFileReference; lastKnownFileType = sourcecode.swift; path = ReusableCell.swift; sourceTree = "<group>"; };
		08702180290843080055B9FF /* UICollectionViewCell+ReusableView.swift */ = {isa = PBXFileReference; lastKnownFileType = sourcecode.swift; path = "UICollectionViewCell+ReusableView.swift"; sourceTree = "<group>"; };
		08702182290843310055B9FF /* UITableViewCell+ReusableView.swift */ = {isa = PBXFileReference; lastKnownFileType = sourcecode.swift; path = "UITableViewCell+ReusableView.swift"; sourceTree = "<group>"; };
		087F8DD328F42CBE00D1C77B /* ColorProvider.swift */ = {isa = PBXFileReference; lastKnownFileType = sourcecode.swift; path = ColorProvider.swift; sourceTree = "<group>"; };
		088B3FD028F70B0E005D2C78 /* AvatarPersistence.swift */ = {isa = PBXFileReference; lastKnownFileType = sourcecode.swift; path = AvatarPersistence.swift; sourceTree = "<group>"; };
		08950FE029127CAA008A0B4A /* NSManagedObject+Emoji.swift */ = {isa = PBXFileReference; lastKnownFileType = sourcecode.swift; path = "NSManagedObject+Emoji.swift"; sourceTree = "<group>"; };
		089F940F290A8C4B00C3072E /* MainPageViewModel.swift */ = {isa = PBXFileReference; lastKnownFileType = sourcecode.swift; path = MainPageViewModel.swift; sourceTree = "<group>"; };
		089F9411290A8CC400C3072E /* Box.swift */ = {isa = PBXFileReference; lastKnownFileType = sourcecode.swift; path = Box.swift; sourceTree = "<group>"; };
		089F9415290AD0D900C3072E /* EmojiListViewModel.swift */ = {isa = PBXFileReference; lastKnownFileType = sourcecode.swift; path = EmojiListViewModel.swift; sourceTree = "<group>"; };
		089F9417290AD20500C3072E /* MockEmojisDataSource.swift */ = {isa = PBXFileReference; lastKnownFileType = sourcecode.swift; path = MockEmojisDataSource.swift; sourceTree = "<group>"; };
		089F9419290AE14300C3072E /* AvatarListViewModel.swift */ = {isa = PBXFileReference; lastKnownFileType = sourcecode.swift; path = AvatarListViewModel.swift; sourceTree = "<group>"; };
		08A6CB5B28FFFD8500FF4B92 /* AppleRepos.swift */ = {isa = PBXFileReference; lastKnownFileType = sourcecode.swift; path = AppleRepos.swift; sourceTree = "<group>"; };
		08A6CB5D2900033F00FF4B92 /* AppleReposApi.swift */ = {isa = PBXFileReference; lastKnownFileType = sourcecode.swift; path = AppleReposApi.swift; sourceTree = "<group>"; };
		08A6CB5F2900037D00FF4B92 /* LiveAppleReposService.swift */ = {isa = PBXFileReference; lastKnownFileType = sourcecode.swift; path = LiveAppleReposService.swift; sourceTree = "<group>"; };
		08A6CB6329000FCF00FF4B92 /* AppleRepos+Mock.swift */ = {isa = PBXFileReference; lastKnownFileType = sourcecode.swift; path = "AppleRepos+Mock.swift"; sourceTree = "<group>"; };
		08A6CB65290140DE00FF4B92 /* AppleReposService.swift */ = {isa = PBXFileReference; lastKnownFileType = sourcecode.swift; path = AppleReposService.swift; sourceTree = "<group>"; };
		08A6CB672901410C00FF4B92 /* MockAppleReposService.swift */ = {isa = PBXFileReference; lastKnownFileType = sourcecode.swift; path = MockAppleReposService.swift; sourceTree = "<group>"; };
		08A8A0B7291947AD009DACAB /* AppleReposView.swift */ = {isa = PBXFileReference; lastKnownFileType = sourcecode.swift; path = AppleReposView.swift; sourceTree = "<group>"; };
		08B55893291BB48B00C38014 /* Observable+Optional.swift */ = {isa = PBXFileReference; lastKnownFileType = sourcecode.swift; path = "Observable+Optional.swift"; sourceTree = "<group>"; };
		08B6D39B28F5849600BBCD38 /* EmojiPersistence.swift */ = {isa = PBXFileReference; lastKnownFileType = sourcecode.swift; path = EmojiPersistence.swift; sourceTree = "<group>"; };
		08B6D39E28F5B7B600BBCD38 /* EmojiList.xcdatamodel */ = {isa = PBXFileReference; lastKnownFileType = wrapper.xcdatamodel; path = EmojiList.xcdatamodel; sourceTree = "<group>"; };
		08B6D3A028F6C52400BBCD38 /* View+ActivityIndicator.swift */ = {isa = PBXFileReference; lastKnownFileType = sourcecode.swift; path = "View+ActivityIndicator.swift"; sourceTree = "<group>"; };
		08BB8FC328EC798200CE4576 /* EmojiResponse.swift */ = {isa = PBXFileReference; lastKnownFileType = sourcecode.swift; path = EmojiResponse.swift; sourceTree = "<group>"; };
		08BB8FC628EC871900CE4576 /* ImageView+Download.swift */ = {isa = PBXFileReference; lastKnownFileType = sourcecode.swift; path = "ImageView+Download.swift"; sourceTree = "<group>"; };
		08D00F0C290FD96C00109D63 /* Application.swift */ = {isa = PBXFileReference; lastKnownFileType = sourcecode.swift; path = Application.swift; sourceTree = "<group>"; };
		08DF7D4C28EB039400B900BC /* AvatarApi.swift */ = {isa = PBXFileReference; lastKnownFileType = sourcecode.swift; path = AvatarApi.swift; sourceTree = "<group>"; };
		08DF7D4E28EB044800B900BC /* Avatar.swift */ = {isa = PBXFileReference; lastKnownFileType = sourcecode.swift; path = Avatar.swift; sourceTree = "<group>"; };
		08DF7D5028EB045500B900BC /* Avatar+Mock.swift */ = {isa = PBXFileReference; lastKnownFileType = sourcecode.swift; path = "Avatar+Mock.swift"; sourceTree = "<group>"; };
		08DF7D5228EB3C4C00B900BC /* LiveAvatarService.swift */ = {isa = PBXFileReference; lastKnownFileType = sourcecode.swift; path = LiveAvatarService.swift; sourceTree = "<group>"; };
		08E8255D28F848A800F1009E /* AvatarService.swift */ = {isa = PBXFileReference; lastKnownFileType = sourcecode.swift; path = AvatarService.swift; sourceTree = "<group>"; };
		08E8255F28F9A3A800F1009E /* NSManagedObject+Avatar.swift */ = {isa = PBXFileReference; lastKnownFileType = sourcecode.swift; path = "NSManagedObject+Avatar.swift"; sourceTree = "<group>"; };
		08FB470028E48246000CC6E7 /* Emoji.swift */ = {isa = PBXFileReference; lastKnownFileType = sourcecode.swift; path = Emoji.swift; sourceTree = "<group>"; };
		08FB470228E48B03000CC6E7 /* Emoji+Mock.swift */ = {isa = PBXFileReference; lastKnownFileType = sourcecode.swift; path = "Emoji+Mock.swift"; sourceTree = "<group>"; };
		08FB470528E491D4000CC6E7 /* LiveEmojiService.swift */ = {isa = PBXFileReference; lastKnownFileType = sourcecode.swift; path = LiveEmojiService.swift; sourceTree = "<group>"; };
		08FB470A28E4AB51000CC6E7 /* AvatarCell.swift */ = {isa = PBXFileReference; lastKnownFileType = sourcecode.swift; path = AvatarCell.swift; sourceTree = "<group>"; };
		08FDDEA5290C1DAE00986A42 /* AppleReposViewModel.swift */ = {isa = PBXFileReference; lastKnownFileType = sourcecode.swift; path = AppleReposViewModel.swift; sourceTree = "<group>"; };
/* End PBXFileReference section */

/* Begin PBXFrameworksBuildPhase section */
		081F2B8D28DDC2860003AB99 /* Frameworks */ = {
			isa = PBXFrameworksBuildPhase;
			buildActionMask = 2147483647;
			files = (
				0822F00929151E7F00A5291D /* RxRelay in Frameworks */,
				0822F00729151E7F00A5291D /* RxCocoa in Frameworks */,
				0822F00B29151E7F00A5291D /* RxSwift in Frameworks */,
				089CA0B528E31F8000386DF0 /* Alamofire in Frameworks */,
			);
			runOnlyForDeploymentPostprocessing = 0;
		};
/* End PBXFrameworksBuildPhase section */

/* Begin PBXGroup section */
		081F2B8728DDC2860003AB99 = {
			isa = PBXGroup;
			children = (
				081F2B9228DDC2860003AB99 /* Challange-1-iOS */,
				081F2B9128DDC2860003AB99 /* Products */,
			);
			sourceTree = "<group>";
		};
		081F2B9128DDC2860003AB99 /* Products */ = {
			isa = PBXGroup;
			children = (
				081F2B9028DDC2860003AB99 /* Challange-1-iOS.app */,
			);
			name = Products;
			sourceTree = "<group>";
		};
		081F2B9228DDC2860003AB99 /* Challange-1-iOS */ = {
			isa = PBXGroup;
			children = (
				089F940E290A8C0800C3072E /* ViewModel */,
				08B6D39728F5838F00BBCD38 /* Persistence */,
				08BB8FC528EC870A00CE4576 /* Utilities */,
				08490FAA28E6F6AC00DAB664 /* Network */,
				08FB470428E491B7000CC6E7 /* Service */,
				08FB46FF28E4823D000CC6E7 /* Model */,
				0822F00D291520FD00A5291D /* Presentation */,
				086398E828F0877D0031B62A /* Design System */,
				081F2B9C28DDC2870003AB99 /* Assets.xcassets */,
				081F2B9E28DDC2870003AB99 /* LaunchScreen.storyboard */,
				081F2BA128DDC2870003AB99 /* Info.plist */,
				081F2B9328DDC2860003AB99 /* AppDelegate.swift */,
				081F2B9528DDC2860003AB99 /* SceneDelegate.swift */,
				0817A4F428E1B774007217C2 /* Coordinator.swift */,
				0817A4F628E1B898007217C2 /* MainCoordinator.swift */,
				08D00F0C290FD96C00109D63 /* Application.swift */,
			);
			path = "Challange-1-iOS";
			sourceTree = "<group>";
		};
		0822F00D291520FD00A5291D /* Presentation */ = {
			isa = PBXGroup;
			children = (
				0822F01329152E2C00A5291D /* Base */,
				0822F01229152E1000A5291D /* MainScreen */,
				0822F0182915626900A5291D /* EmojisListScreen */,
				0822F0192915627700A5291D /* AvatarsListScreen */,
				08A8A0B629192D93009DACAB /* AppleReposScreen */,
				08FB470928E4AB43000CC6E7 /* ReusableCell */,
			);
			path = Presentation;
			sourceTree = "<group>";
		};
		0822F01229152E1000A5291D /* MainScreen */ = {
			isa = PBXGroup;
			children = (
				081F2B9728DDC2860003AB99 /* MainViewController.swift */,
				0822F0102915213400A5291D /* MainView.swift */,
			);
			path = MainScreen;
			sourceTree = "<group>";
		};
		0822F01329152E2C00A5291D /* Base */ = {
			isa = PBXGroup;
			children = (
				0822F01629152E4100A5291D /* BaseGenericViewController.swift */,
				0822F01429152E3500A5291D /* BaseGenericView.swift */,
			);
			path = Base;
			sourceTree = "<group>";
		};
		0822F0182915626900A5291D /* EmojisListScreen */ = {
			isa = PBXGroup;
			children = (
				0817A4EC28E1A1D6007217C2 /* EmojisListViewController.swift */,
				0822F01A2915634400A5291D /* EmojisListView.swift */,
				089F9417290AD20500C3072E /* MockEmojisDataSource.swift */,
			);
			path = EmojisListScreen;
			sourceTree = "<group>";
		};
		0822F0192915627700A5291D /* AvatarsListScreen */ = {
			isa = PBXGroup;
			children = (
				0817A4F028E1AE17007217C2 /* AvatarsListViewController.swift */,
				0822F01C2915730600A5291D /* AvatarsListView.swift */,
			);
			path = AvatarsListScreen;
			sourceTree = "<group>";
		};
		08490FAA28E6F6AC00DAB664 /* Network */ = {
			isa = PBXGroup;
			children = (
				08BB8FC228EC793200CE4576 /* DTO */,
				08BB8FC128EC792300CE4576 /* API */,
				08490FAD28E726DF00DAB664 /* NetworkManager.swift */,
			);
			path = Network;
			sourceTree = "<group>";
		};
		086398E828F0877D0031B62A /* Design System */ = {
			isa = PBXGroup;
			children = (
				086398E628F0833C0031B62A /* Spacing.swift */,
				086398E928F087CC0031B62A /* Colors.xcassets */,
				087F8DD328F42CBE00D1C77B /* ColorProvider.swift */,
			);
			path = "Design System";
			sourceTree = "<group>";
		};
		089F940E290A8C0800C3072E /* ViewModel */ = {
			isa = PBXGroup;
			children = (
				089F940F290A8C4B00C3072E /* MainPageViewModel.swift */,
				089F9415290AD0D900C3072E /* EmojiListViewModel.swift */,
				089F9419290AE14300C3072E /* AvatarListViewModel.swift */,
				08FDDEA5290C1DAE00986A42 /* AppleReposViewModel.swift */,
			);
			path = ViewModel;
			sourceTree = "<group>";
		};
		08A8A0B629192D93009DACAB /* AppleReposScreen */ = {
			isa = PBXGroup;
			children = (
				0817A4F228E1AE2F007217C2 /* AppleReposViewController.swift */,
				08A8A0B7291947AD009DACAB /* AppleReposView.swift */,
			);
			path = AppleReposScreen;
			sourceTree = "<group>";
		};
		08B6D39728F5838F00BBCD38 /* Persistence */ = {
			isa = PBXGroup;
			children = (
				08B6D39B28F5849600BBCD38 /* EmojiPersistence.swift */,
				088B3FD028F70B0E005D2C78 /* AvatarPersistence.swift */,
				08B6D39D28F5B7B600BBCD38 /* Database.xcdatamodeld */,
			);
			path = Persistence;
			sourceTree = "<group>";
		};
		08BB8FC128EC792300CE4576 /* API */ = {
			isa = PBXGroup;
			children = (
				08490FAB28E723B800DAB664 /* EmojiApi.swift */,
				08DF7D4C28EB039400B900BC /* AvatarApi.swift */,
				08A6CB5D2900033F00FF4B92 /* AppleReposApi.swift */,
			);
			path = API;
			sourceTree = "<group>";
		};
		08BB8FC228EC793200CE4576 /* DTO */ = {
			isa = PBXGroup;
			children = (
				08BB8FC328EC798200CE4576 /* EmojiResponse.swift */,
			);
			path = DTO;
			sourceTree = "<group>";
		};
		08BB8FC528EC870A00CE4576 /* Utilities */ = {
			isa = PBXGroup;
			children = (
				08BB8FC628EC871900CE4576 /* ImageView+Download.swift */,
				08950FE029127CAA008A0B4A /* NSManagedObject+Emoji.swift */,
				08B6D3A028F6C52400BBCD38 /* View+ActivityIndicator.swift */,
				08E8255F28F9A3A800F1009E /* NSManagedObject+Avatar.swift */,
				0870217829083D4A0055B9FF /* Constants.swift */,
				08702180290843080055B9FF /* UICollectionViewCell+ReusableView.swift */,
				08702182290843310055B9FF /* UITableViewCell+ReusableView.swift */,
				089F9411290A8CC400C3072E /* Box.swift */,
				08B55893291BB48B00C38014 /* Observable+Optional.swift */,
			);
			path = Utilities;
			sourceTree = "<group>";
		};
		08FB46FF28E4823D000CC6E7 /* Model */ = {
			isa = PBXGroup;
			children = (
				08FB470028E48246000CC6E7 /* Emoji.swift */,
				08FB470228E48B03000CC6E7 /* Emoji+Mock.swift */,
				08DF7D4E28EB044800B900BC /* Avatar.swift */,
				08DF7D5028EB045500B900BC /* Avatar+Mock.swift */,
				08A6CB5B28FFFD8500FF4B92 /* AppleRepos.swift */,
				08A6CB6329000FCF00FF4B92 /* AppleRepos+Mock.swift */,
			);
			path = Model;
			sourceTree = "<group>";
		};
		08FB470428E491B7000CC6E7 /* Service */ = {
			isa = PBXGroup;
			children = (
				0817FB4B28EEE40E00092812 /* EmojiService.swift */,
				08FB470528E491D4000CC6E7 /* LiveEmojiService.swift */,
				0817FB4928EEE32100092812 /* MockEmojiService.swift */,
				08E8255D28F848A800F1009E /* AvatarService.swift */,
				08DF7D5228EB3C4C00B900BC /* LiveAvatarService.swift */,
				08A6CB65290140DE00FF4B92 /* AppleReposService.swift */,
				08A6CB5F2900037D00FF4B92 /* LiveAppleReposService.swift */,
				08A6CB672901410C00FF4B92 /* MockAppleReposService.swift */,
				0826D3862902A8D100439C98 /* MockAppleReposDataSource.swift */,
			);
			path = Service;
			sourceTree = "<group>";
		};
		08FB470928E4AB43000CC6E7 /* ReusableCell */ = {
			isa = PBXGroup;
			children = (
				0870217A2908404F0055B9FF /* EmojiCell.swift */,
				08FB470A28E4AB51000CC6E7 /* AvatarCell.swift */,
				0870217C290841B90055B9FF /* AppleReposCell.swift */,
				0870217E290842560055B9FF /* ReusableCell.swift */,
			);
			path = ReusableCell;
			sourceTree = "<group>";
		};
/* End PBXGroup section */

/* Begin PBXNativeTarget section */
		081F2B8F28DDC2860003AB99 /* Challange-1-iOS */ = {
			isa = PBXNativeTarget;
			buildConfigurationList = 081F2BBA28DDC2870003AB99 /* Build configuration list for PBXNativeTarget "Challange-1-iOS" */;
			buildPhases = (
				089F941B290AE79C00C3072E /* SwiftLint */,
				081F2B8C28DDC2860003AB99 /* Sources */,
				081F2B8D28DDC2860003AB99 /* Frameworks */,
				081F2B8E28DDC2860003AB99 /* Resources */,
			);
			buildRules = (
			);
			dependencies = (
			);
			name = "Challange-1-iOS";
			packageProductDependencies = (
				089CA0B428E31F8000386DF0 /* Alamofire */,
				0822F00629151E7F00A5291D /* RxCocoa */,
				0822F00829151E7F00A5291D /* RxRelay */,
				0822F00A29151E7F00A5291D /* RxSwift */,
			);
			productName = "Challange-1-iOS";
			productReference = 081F2B9028DDC2860003AB99 /* Challange-1-iOS.app */;
			productType = "com.apple.product-type.application";
		};
/* End PBXNativeTarget section */

/* Begin PBXProject section */
		081F2B8828DDC2860003AB99 /* Project object */ = {
			isa = PBXProject;
			attributes = {
				BuildIndependentTargetsInParallel = 1;
				LastSwiftUpdateCheck = 1340;
				LastUpgradeCheck = 1340;
				TargetAttributes = {
					081F2B8F28DDC2860003AB99 = {
						CreatedOnToolsVersion = 13.4.1;
					};
				};
			};
			buildConfigurationList = 081F2B8B28DDC2860003AB99 /* Build configuration list for PBXProject "Challange-1-iOS" */;
			compatibilityVersion = "Xcode 13.0";
			developmentRegion = en;
			hasScannedForEncodings = 0;
			knownRegions = (
				en,
				Base,
			);
			mainGroup = 081F2B8728DDC2860003AB99;
			packageReferences = (
				089CA0B328E31F8000386DF0 /* XCRemoteSwiftPackageReference "Alamofire" */,
				0822F00529151E7F00A5291D /* XCRemoteSwiftPackageReference "RxSwift" */,
			);
			productRefGroup = 081F2B9128DDC2860003AB99 /* Products */;
			projectDirPath = "";
			projectRoot = "";
			targets = (
				081F2B8F28DDC2860003AB99 /* Challange-1-iOS */,
			);
		};
/* End PBXProject section */

/* Begin PBXResourcesBuildPhase section */
		081F2B8E28DDC2860003AB99 /* Resources */ = {
			isa = PBXResourcesBuildPhase;
			buildActionMask = 2147483647;
			files = (
				086398EA28F087CC0031B62A /* Colors.xcassets in Resources */,
				081F2BA028DDC2870003AB99 /* LaunchScreen.storyboard in Resources */,
				081F2B9D28DDC2870003AB99 /* Assets.xcassets in Resources */,
			);
			runOnlyForDeploymentPostprocessing = 0;
		};
/* End PBXResourcesBuildPhase section */

/* Begin PBXShellScriptBuildPhase section */
		089F941B290AE79C00C3072E /* SwiftLint */ = {
			isa = PBXShellScriptBuildPhase;
			buildActionMask = 2147483647;
			files = (
			);
			inputFileListPaths = (
			);
			inputPaths = (
			);
			name = SwiftLint;
			outputFileListPaths = (
			);
			outputPaths = (
			);
			runOnlyForDeploymentPostprocessing = 0;
			shellPath = /bin/sh;
			shellScript = "export PATH=\"$PATH:/opt/homebrew/bin\"\nif which swiftlint >/dev/null; then\n    swiftlint\nelse\n    echo \"warning: SwiftLint not installed, download from https://github.com/realm/SwiftLint\"\nfi\n";
		};
/* End PBXShellScriptBuildPhase section */

/* Begin PBXSourcesBuildPhase section */
		081F2B8C28DDC2860003AB99 /* Sources */ = {
			isa = PBXSourcesBuildPhase;
			buildActionMask = 2147483647;
			files = (
				08A6CB682901410C00FF4B92 /* MockAppleReposService.swift in Sources */,
				0822F01D2915730600A5291D /* AvatarsListView.swift in Sources */,
				0822F0112915213400A5291D /* MainView.swift in Sources */,
				0870217929083D4A0055B9FF /* Constants.swift in Sources */,
				08E8256028F9A3A800F1009E /* NSManagedObject+Avatar.swift in Sources */,
				08B6D33728F561EE00BBCD38 /* ColorProvider.swift in Sources */,
				08DF7D5328EB3C4C00B900BC /* LiveAvatarService.swift in Sources */,
				08A6CB602900037D00FF4B92 /* LiveAppleReposService.swift in Sources */,
				08A6CB6429000FCF00FF4B92 /* AppleRepos+Mock.swift in Sources */,
				08A6CB5E2900033F00FF4B92 /* AppleReposApi.swift in Sources */,
				08B6D3A128F6C52400BBCD38 /* View+ActivityIndicator.swift in Sources */,
				089F9412290A8CC400C3072E /* Box.swift in Sources */,
				08D00F0D290FD96C00109D63 /* Application.swift in Sources */,
				0817A4F128E1AE17007217C2 /* AvatarsListViewController.swift in Sources */,
				089F941A290AE14300C3072E /* AvatarListViewModel.swift in Sources */,
				0817A4F728E1B898007217C2 /* MainCoordinator.swift in Sources */,
				08A6CB5C28FFFD8500FF4B92 /* AppleRepos.swift in Sources */,
				08FB470128E48246000CC6E7 /* Emoji.swift in Sources */,
				08B55894291BB48B00C38014 /* Observable+Optional.swift in Sources */,
				081F2B9428DDC2860003AB99 /* AppDelegate.swift in Sources */,
				0817FB4C28EEE40E00092812 /* EmojiService.swift in Sources */,
				0817FB4A28EEE32100092812 /* MockEmojiService.swift in Sources */,
				089F9416290AD0D900C3072E /* EmojiListViewModel.swift in Sources */,
				089F9410290A8C4B00C3072E /* MainPageViewModel.swift in Sources */,
				08FB470B28E4AB51000CC6E7 /* AvatarCell.swift in Sources */,
				08BB8FC428EC798200CE4576 /* EmojiResponse.swift in Sources */,
				0822F01B2915634400A5291D /* EmojisListView.swift in Sources */,
				08BB8FC728EC871900CE4576 /* ImageView+Download.swift in Sources */,
				08702183290843310055B9FF /* UITableViewCell+ReusableView.swift in Sources */,
				08DF7D4F28EB044800B900BC /* Avatar.swift in Sources */,
				08B6D39C28F5849600BBCD38 /* EmojiPersistence.swift in Sources */,
				081F2B9628DDC2860003AB99 /* SceneDelegate.swift in Sources */,
				089F9418290AD20500C3072E /* MockEmojisDataSource.swift in Sources */,
				0826D3872902A8D100439C98 /* MockAppleReposDataSource.swift in Sources */,
				08DF7D4D28EB039400B900BC /* AvatarApi.swift in Sources */,
				0870217B2908404F0055B9FF /* EmojiCell.swift in Sources */,
				086398E728F0833C0031B62A /* Spacing.swift in Sources */,
				08FDDEA6290C1DAE00986A42 /* AppleReposViewModel.swift in Sources */,
				0822F01529152E3500A5291D /* BaseGenericView.swift in Sources */,
				08A6CB66290140DE00FF4B92 /* AppleReposService.swift in Sources */,
				08B6D39F28F5B7B600BBCD38 /* Database.xcdatamodeld in Sources */,
				08B6D33628F5611600BBCD38 /* MainViewController.swift in Sources */,
				088B3FD128F70B0E005D2C78 /* AvatarPersistence.swift in Sources */,
				0817A4F328E1AE2F007217C2 /* AppleReposViewController.swift in Sources */,
				08490FAE28E726DF00DAB664 /* NetworkManager.swift in Sources */,
				08490FAC28E723B800DAB664 /* EmojiApi.swift in Sources */,
				0817A4ED28E1A1D6007217C2 /* EmojisListViewController.swift in Sources */,
				08950FE129127CAA008A0B4A /* NSManagedObject+Emoji.swift in Sources */,
				0822F01729152E4100A5291D /* BaseGenericViewController.swift in Sources */,
				0870217D290841B90055B9FF /* AppleReposCell.swift in Sources */,
				08E8255E28F848A800F1009E /* AvatarService.swift in Sources */,
				0870217F290842560055B9FF /* ReusableCell.swift in Sources */,
				0817A4F528E1B774007217C2 /* Coordinator.swift in Sources */,
				08FB470328E48B03000CC6E7 /* Emoji+Mock.swift in Sources */,
				08FB470628E491D4000CC6E7 /* LiveEmojiService.swift in Sources */,
				08702181290843080055B9FF /* UICollectionViewCell+ReusableView.swift in Sources */,
				08DF7D5128EB045500B900BC /* Avatar+Mock.swift in Sources */,
				08A8A0B8291947AD009DACAB /* AppleReposView.swift in Sources */,
			);
			runOnlyForDeploymentPostprocessing = 0;
		};
/* End PBXSourcesBuildPhase section */

/* Begin PBXVariantGroup section */
		081F2B9E28DDC2870003AB99 /* LaunchScreen.storyboard */ = {
			isa = PBXVariantGroup;
			children = (
				081F2B9F28DDC2870003AB99 /* Base */,
			);
			name = LaunchScreen.storyboard;
			sourceTree = "<group>";
		};
/* End PBXVariantGroup section */

/* Begin XCBuildConfiguration section */
		081F2BB828DDC2870003AB99 /* Debug */ = {
			isa = XCBuildConfiguration;
			buildSettings = {
				ALWAYS_SEARCH_USER_PATHS = NO;
				CLANG_ANALYZER_NONNULL = YES;
				CLANG_ANALYZER_NUMBER_OBJECT_CONVERSION = YES_AGGRESSIVE;
				CLANG_CXX_LANGUAGE_STANDARD = "gnu++17";
				CLANG_ENABLE_MODULES = YES;
				CLANG_ENABLE_OBJC_ARC = YES;
				CLANG_ENABLE_OBJC_WEAK = YES;
				CLANG_WARN_BLOCK_CAPTURE_AUTORELEASING = YES;
				CLANG_WARN_BOOL_CONVERSION = YES;
				CLANG_WARN_COMMA = YES;
				CLANG_WARN_CONSTANT_CONVERSION = YES;
				CLANG_WARN_DEPRECATED_OBJC_IMPLEMENTATIONS = YES;
				CLANG_WARN_DIRECT_OBJC_ISA_USAGE = YES_ERROR;
				CLANG_WARN_DOCUMENTATION_COMMENTS = YES;
				CLANG_WARN_EMPTY_BODY = YES;
				CLANG_WARN_ENUM_CONVERSION = YES;
				CLANG_WARN_INFINITE_RECURSION = YES;
				CLANG_WARN_INT_CONVERSION = YES;
				CLANG_WARN_NON_LITERAL_NULL_CONVERSION = YES;
				CLANG_WARN_OBJC_IMPLICIT_RETAIN_SELF = YES;
				CLANG_WARN_OBJC_LITERAL_CONVERSION = YES;
				CLANG_WARN_OBJC_ROOT_CLASS = YES_ERROR;
				CLANG_WARN_QUOTED_INCLUDE_IN_FRAMEWORK_HEADER = YES;
				CLANG_WARN_RANGE_LOOP_ANALYSIS = YES;
				CLANG_WARN_STRICT_PROTOTYPES = YES;
				CLANG_WARN_SUSPICIOUS_MOVE = YES;
				CLANG_WARN_UNGUARDED_AVAILABILITY = YES_AGGRESSIVE;
				CLANG_WARN_UNREACHABLE_CODE = YES;
				CLANG_WARN__DUPLICATE_METHOD_MATCH = YES;
				COPY_PHASE_STRIP = NO;
				DEBUG_INFORMATION_FORMAT = dwarf;
				ENABLE_STRICT_OBJC_MSGSEND = YES;
				ENABLE_TESTABILITY = YES;
				GCC_C_LANGUAGE_STANDARD = gnu11;
				GCC_DYNAMIC_NO_PIC = NO;
				GCC_NO_COMMON_BLOCKS = YES;
				GCC_OPTIMIZATION_LEVEL = 0;
				GCC_PREPROCESSOR_DEFINITIONS = (
					"DEBUG=1",
					"$(inherited)",
				);
				GCC_WARN_64_TO_32_BIT_CONVERSION = YES;
				GCC_WARN_ABOUT_RETURN_TYPE = YES_ERROR;
				GCC_WARN_UNDECLARED_SELECTOR = YES;
				GCC_WARN_UNINITIALIZED_AUTOS = YES_AGGRESSIVE;
				GCC_WARN_UNUSED_FUNCTION = YES;
				GCC_WARN_UNUSED_VARIABLE = YES;
				IPHONEOS_DEPLOYMENT_TARGET = 15.5;
				MTL_ENABLE_DEBUG_INFO = INCLUDE_SOURCE;
				MTL_FAST_MATH = YES;
				ONLY_ACTIVE_ARCH = YES;
				SDKROOT = iphoneos;
				SWIFT_ACTIVE_COMPILATION_CONDITIONS = DEBUG;
				SWIFT_OPTIMIZATION_LEVEL = "-Onone";
			};
			name = Debug;
		};
		081F2BB928DDC2870003AB99 /* Release */ = {
			isa = XCBuildConfiguration;
			buildSettings = {
				ALWAYS_SEARCH_USER_PATHS = NO;
				CLANG_ANALYZER_NONNULL = YES;
				CLANG_ANALYZER_NUMBER_OBJECT_CONVERSION = YES_AGGRESSIVE;
				CLANG_CXX_LANGUAGE_STANDARD = "gnu++17";
				CLANG_ENABLE_MODULES = YES;
				CLANG_ENABLE_OBJC_ARC = YES;
				CLANG_ENABLE_OBJC_WEAK = YES;
				CLANG_WARN_BLOCK_CAPTURE_AUTORELEASING = YES;
				CLANG_WARN_BOOL_CONVERSION = YES;
				CLANG_WARN_COMMA = YES;
				CLANG_WARN_CONSTANT_CONVERSION = YES;
				CLANG_WARN_DEPRECATED_OBJC_IMPLEMENTATIONS = YES;
				CLANG_WARN_DIRECT_OBJC_ISA_USAGE = YES_ERROR;
				CLANG_WARN_DOCUMENTATION_COMMENTS = YES;
				CLANG_WARN_EMPTY_BODY = YES;
				CLANG_WARN_ENUM_CONVERSION = YES;
				CLANG_WARN_INFINITE_RECURSION = YES;
				CLANG_WARN_INT_CONVERSION = YES;
				CLANG_WARN_NON_LITERAL_NULL_CONVERSION = YES;
				CLANG_WARN_OBJC_IMPLICIT_RETAIN_SELF = YES;
				CLANG_WARN_OBJC_LITERAL_CONVERSION = YES;
				CLANG_WARN_OBJC_ROOT_CLASS = YES_ERROR;
				CLANG_WARN_QUOTED_INCLUDE_IN_FRAMEWORK_HEADER = YES;
				CLANG_WARN_RANGE_LOOP_ANALYSIS = YES;
				CLANG_WARN_STRICT_PROTOTYPES = YES;
				CLANG_WARN_SUSPICIOUS_MOVE = YES;
				CLANG_WARN_UNGUARDED_AVAILABILITY = YES_AGGRESSIVE;
				CLANG_WARN_UNREACHABLE_CODE = YES;
				CLANG_WARN__DUPLICATE_METHOD_MATCH = YES;
				COPY_PHASE_STRIP = NO;
				DEBUG_INFORMATION_FORMAT = "dwarf-with-dsym";
				ENABLE_NS_ASSERTIONS = NO;
				ENABLE_STRICT_OBJC_MSGSEND = YES;
				GCC_C_LANGUAGE_STANDARD = gnu11;
				GCC_NO_COMMON_BLOCKS = YES;
				GCC_WARN_64_TO_32_BIT_CONVERSION = YES;
				GCC_WARN_ABOUT_RETURN_TYPE = YES_ERROR;
				GCC_WARN_UNDECLARED_SELECTOR = YES;
				GCC_WARN_UNINITIALIZED_AUTOS = YES_AGGRESSIVE;
				GCC_WARN_UNUSED_FUNCTION = YES;
				GCC_WARN_UNUSED_VARIABLE = YES;
				IPHONEOS_DEPLOYMENT_TARGET = 15.5;
				MTL_ENABLE_DEBUG_INFO = NO;
				MTL_FAST_MATH = YES;
				SDKROOT = iphoneos;
				SWIFT_COMPILATION_MODE = wholemodule;
				SWIFT_OPTIMIZATION_LEVEL = "-O";
				VALIDATE_PRODUCT = YES;
			};
			name = Release;
		};
		081F2BBB28DDC2870003AB99 /* Debug */ = {
			isa = XCBuildConfiguration;
			buildSettings = {
				ASSETCATALOG_COMPILER_APPICON_NAME = AppIcon;
				ASSETCATALOG_COMPILER_GLOBAL_ACCENT_COLOR_NAME = AccentColor;
				CODE_SIGN_STYLE = Automatic;
				CURRENT_PROJECT_VERSION = 1;
				DEVELOPMENT_TEAM = 56664Q4HVJ;
				GENERATE_INFOPLIST_FILE = YES;
				INFOPLIST_FILE = "Challange-1-iOS/Info.plist";
				INFOPLIST_KEY_UIApplicationSupportsIndirectInputEvents = YES;
				INFOPLIST_KEY_UILaunchStoryboardName = LaunchScreen;
				INFOPLIST_KEY_UISupportedInterfaceOrientations_iPad = "UIInterfaceOrientationPortrait UIInterfaceOrientationPortraitUpsideDown UIInterfaceOrientationLandscapeLeft UIInterfaceOrientationLandscapeRight";
				INFOPLIST_KEY_UISupportedInterfaceOrientations_iPhone = "UIInterfaceOrientationPortrait UIInterfaceOrientationLandscapeLeft UIInterfaceOrientationLandscapeRight";
				IPHONEOS_DEPLOYMENT_TARGET = 15.5;
				LD_RUNPATH_SEARCH_PATHS = (
					"$(inherited)",
					"@executable_path/Frameworks",
				);
				MARKETING_VERSION = 1.0;
				PRODUCT_BUNDLE_IDENTIFIER = "com.dasilva.Challange-1-iOS";
				PRODUCT_NAME = "$(TARGET_NAME)";
				SWIFT_EMIT_LOC_STRINGS = YES;
				SWIFT_VERSION = 5.0;
				TARGETED_DEVICE_FAMILY = "1,2";
			};
			name = Debug;
		};
		081F2BBC28DDC2870003AB99 /* Release */ = {
			isa = XCBuildConfiguration;
			buildSettings = {
				ASSETCATALOG_COMPILER_APPICON_NAME = AppIcon;
				ASSETCATALOG_COMPILER_GLOBAL_ACCENT_COLOR_NAME = AccentColor;
				CODE_SIGN_STYLE = Automatic;
				CURRENT_PROJECT_VERSION = 1;
				DEVELOPMENT_TEAM = 56664Q4HVJ;
				GENERATE_INFOPLIST_FILE = YES;
				INFOPLIST_FILE = "Challange-1-iOS/Info.plist";
				INFOPLIST_KEY_UIApplicationSupportsIndirectInputEvents = YES;
				INFOPLIST_KEY_UILaunchStoryboardName = LaunchScreen;
				INFOPLIST_KEY_UISupportedInterfaceOrientations_iPad = "UIInterfaceOrientationPortrait UIInterfaceOrientationPortraitUpsideDown UIInterfaceOrientationLandscapeLeft UIInterfaceOrientationLandscapeRight";
				INFOPLIST_KEY_UISupportedInterfaceOrientations_iPhone = "UIInterfaceOrientationPortrait UIInterfaceOrientationLandscapeLeft UIInterfaceOrientationLandscapeRight";
				IPHONEOS_DEPLOYMENT_TARGET = 15.5;
				LD_RUNPATH_SEARCH_PATHS = (
					"$(inherited)",
					"@executable_path/Frameworks",
				);
				MARKETING_VERSION = 1.0;
				PRODUCT_BUNDLE_IDENTIFIER = "com.dasilva.Challange-1-iOS";
				PRODUCT_NAME = "$(TARGET_NAME)";
				SWIFT_EMIT_LOC_STRINGS = YES;
				SWIFT_VERSION = 5.0;
				TARGETED_DEVICE_FAMILY = "1,2";
			};
			name = Release;
		};
/* End XCBuildConfiguration section */

/* Begin XCConfigurationList section */
		081F2B8B28DDC2860003AB99 /* Build configuration list for PBXProject "Challange-1-iOS" */ = {
			isa = XCConfigurationList;
			buildConfigurations = (
				081F2BB828DDC2870003AB99 /* Debug */,
				081F2BB928DDC2870003AB99 /* Release */,
			);
			defaultConfigurationIsVisible = 0;
			defaultConfigurationName = Release;
		};
		081F2BBA28DDC2870003AB99 /* Build configuration list for PBXNativeTarget "Challange-1-iOS" */ = {
			isa = XCConfigurationList;
			buildConfigurations = (
				081F2BBB28DDC2870003AB99 /* Debug */,
				081F2BBC28DDC2870003AB99 /* Release */,
			);
			defaultConfigurationIsVisible = 0;
			defaultConfigurationName = Release;
		};
/* End XCConfigurationList section */

/* Begin XCRemoteSwiftPackageReference section */
		0822F00529151E7F00A5291D /* XCRemoteSwiftPackageReference "RxSwift" */ = {
			isa = XCRemoteSwiftPackageReference;
			repositoryURL = "https://github.com/ReactiveX/RxSwift";
			requirement = {
				kind = upToNextMajorVersion;
				minimumVersion = 6.0.0;
			};
		};
		089CA0B328E31F8000386DF0 /* XCRemoteSwiftPackageReference "Alamofire" */ = {
			isa = XCRemoteSwiftPackageReference;
			repositoryURL = "https://github.com/Alamofire/Alamofire";
			requirement = {
				kind = upToNextMajorVersion;
				minimumVersion = 5.0.0;
			};
		};
/* End XCRemoteSwiftPackageReference section */

/* Begin XCSwiftPackageProductDependency section */
		0822F00629151E7F00A5291D /* RxCocoa */ = {
			isa = XCSwiftPackageProductDependency;
			package = 0822F00529151E7F00A5291D /* XCRemoteSwiftPackageReference "RxSwift" */;
			productName = RxCocoa;
		};
		0822F00829151E7F00A5291D /* RxRelay */ = {
			isa = XCSwiftPackageProductDependency;
			package = 0822F00529151E7F00A5291D /* XCRemoteSwiftPackageReference "RxSwift" */;
			productName = RxRelay;
		};
		0822F00A29151E7F00A5291D /* RxSwift */ = {
			isa = XCSwiftPackageProductDependency;
			package = 0822F00529151E7F00A5291D /* XCRemoteSwiftPackageReference "RxSwift" */;
			productName = RxSwift;
		};
		089CA0B428E31F8000386DF0 /* Alamofire */ = {
			isa = XCSwiftPackageProductDependency;
			package = 089CA0B328E31F8000386DF0 /* XCRemoteSwiftPackageReference "Alamofire" */;
			productName = Alamofire;
		};
/* End XCSwiftPackageProductDependency section */

/* Begin XCVersionGroup section */
		08B6D39D28F5B7B600BBCD38 /* Database.xcdatamodeld */ = {
			isa = XCVersionGroup;
			children = (
				08B6D39E28F5B7B600BBCD38 /* EmojiList.xcdatamodel */,
			);
			currentVersion = 08B6D39E28F5B7B600BBCD38 /* EmojiList.xcdatamodel */;
			path = Database.xcdatamodeld;
			sourceTree = "<group>";
			versionGroupType = wrapper.xcdatamodel;
		};
/* End XCVersionGroup section */
	};
	rootObject = 081F2B8828DDC2860003AB99 /* Project object */;
}
