// !$*UTF8*$!
{
	archiveVersion = 1;
	classes = {
	};
	objectVersion = 55;
	objects = {

/* Begin PBXBuildFile section */
		0817A4ED28E1A1D6007217C2 /* EmojisListViewController.swift in Sources */ = {isa = PBXBuildFile; fileRef = 0817A4EC28E1A1D6007217C2 /* EmojisListViewController.swift */; };
		0817A4F128E1AE17007217C2 /* AvatarsListViewController.swift in Sources */ = {isa = PBXBuildFile; fileRef = 0817A4F028E1AE17007217C2 /* AvatarsListViewController.swift */; };
		0817A4F328E1AE2F007217C2 /* AppleReposViewController.swift in Sources */ = {isa = PBXBuildFile; fileRef = 0817A4F228E1AE2F007217C2 /* AppleReposViewController.swift */; };
		0817A4F528E1B774007217C2 /* Coordinator.swift in Sources */ = {isa = PBXBuildFile; fileRef = 0817A4F428E1B774007217C2 /* Coordinator.swift */; };
		0817A4F728E1B898007217C2 /* MainCoordinator.swift in Sources */ = {isa = PBXBuildFile; fileRef = 0817A4F628E1B898007217C2 /* MainCoordinator.swift */; };
		081F2B9428DDC2860003AB99 /* AppDelegate.swift in Sources */ = {isa = PBXBuildFile; fileRef = 081F2B9328DDC2860003AB99 /* AppDelegate.swift */; };
		081F2B9628DDC2860003AB99 /* SceneDelegate.swift in Sources */ = {isa = PBXBuildFile; fileRef = 081F2B9528DDC2860003AB99 /* SceneDelegate.swift */; };
		081F2B9828DDC2860003AB99 /* MainViewController.swift in Sources */ = {isa = PBXBuildFile; fileRef = 081F2B9728DDC2860003AB99 /* MainViewController.swift */; };
		081F2B9D28DDC2870003AB99 /* Assets.xcassets in Resources */ = {isa = PBXBuildFile; fileRef = 081F2B9C28DDC2870003AB99 /* Assets.xcassets */; };
		081F2BA028DDC2870003AB99 /* LaunchScreen.storyboard in Resources */ = {isa = PBXBuildFile; fileRef = 081F2B9E28DDC2870003AB99 /* LaunchScreen.storyboard */; };
		08490FAC28E723B800DAB664 /* EmojiApi.swift in Sources */ = {isa = PBXBuildFile; fileRef = 08490FAB28E723B800DAB664 /* EmojiApi.swift */; };
		08490FAE28E726DF00DAB664 /* GeralApi.swift in Sources */ = {isa = PBXBuildFile; fileRef = 08490FAD28E726DF00DAB664 /* GeralApi.swift */; };
		089CA0B528E31F8000386DF0 /* Alamofire in Frameworks */ = {isa = PBXBuildFile; productRef = 089CA0B428E31F8000386DF0 /* Alamofire */; };
		08FB470128E48246000CC6E7 /* Emoji.swift in Sources */ = {isa = PBXBuildFile; fileRef = 08FB470028E48246000CC6E7 /* Emoji.swift */; };
		08FB470328E48B03000CC6E7 /* Emoji+Mock.swift in Sources */ = {isa = PBXBuildFile; fileRef = 08FB470228E48B03000CC6E7 /* Emoji+Mock.swift */; };
		08FB470628E491D4000CC6E7 /* LiveEmojiStorage.swift in Sources */ = {isa = PBXBuildFile; fileRef = 08FB470528E491D4000CC6E7 /* LiveEmojiStorage.swift */; };
		08FB470B28E4AB51000CC6E7 /* EmojiCell.swift in Sources */ = {isa = PBXBuildFile; fileRef = 08FB470A28E4AB51000CC6E7 /* EmojiCell.swift */; };
/* End PBXBuildFile section */

/* Begin PBXFileReference section */
		0817A4EC28E1A1D6007217C2 /* EmojisListViewController.swift */ = {isa = PBXFileReference; lastKnownFileType = sourcecode.swift; path = EmojisListViewController.swift; sourceTree = "<group>"; };
		0817A4F028E1AE17007217C2 /* AvatarsListViewController.swift */ = {isa = PBXFileReference; lastKnownFileType = sourcecode.swift; path = AvatarsListViewController.swift; sourceTree = "<group>"; };
		0817A4F228E1AE2F007217C2 /* AppleReposViewController.swift */ = {isa = PBXFileReference; lastKnownFileType = sourcecode.swift; path = AppleReposViewController.swift; sourceTree = "<group>"; };
		0817A4F428E1B774007217C2 /* Coordinator.swift */ = {isa = PBXFileReference; lastKnownFileType = sourcecode.swift; path = Coordinator.swift; sourceTree = "<group>"; };
		0817A4F628E1B898007217C2 /* MainCoordinator.swift */ = {isa = PBXFileReference; lastKnownFileType = sourcecode.swift; path = MainCoordinator.swift; sourceTree = "<group>"; };
		081F2B9028DDC2860003AB99 /* Challange-1-iOS.app */ = {isa = PBXFileReference; explicitFileType = wrapper.application; includeInIndex = 0; path = "Challange-1-iOS.app"; sourceTree = BUILT_PRODUCTS_DIR; };
		081F2B9328DDC2860003AB99 /* AppDelegate.swift */ = {isa = PBXFileReference; lastKnownFileType = sourcecode.swift; path = AppDelegate.swift; sourceTree = "<group>"; };
		081F2B9528DDC2860003AB99 /* SceneDelegate.swift */ = {isa = PBXFileReference; lastKnownFileType = sourcecode.swift; path = SceneDelegate.swift; sourceTree = "<group>"; };
		081F2B9728DDC2860003AB99 /* MainViewController.swift */ = {isa = PBXFileReference; lastKnownFileType = sourcecode.swift; path = MainViewController.swift; sourceTree = "<group>"; };
		081F2B9C28DDC2870003AB99 /* Assets.xcassets */ = {isa = PBXFileReference; lastKnownFileType = folder.assetcatalog; path = Assets.xcassets; sourceTree = "<group>"; };
		081F2B9F28DDC2870003AB99 /* Base */ = {isa = PBXFileReference; lastKnownFileType = file.storyboard; name = Base; path = Base.lproj/LaunchScreen.storyboard; sourceTree = "<group>"; };
		081F2BA128DDC2870003AB99 /* Info.plist */ = {isa = PBXFileReference; lastKnownFileType = text.plist.xml; path = Info.plist; sourceTree = "<group>"; };
		08490FAB28E723B800DAB664 /* EmojiApi.swift */ = {isa = PBXFileReference; lastKnownFileType = sourcecode.swift; path = EmojiApi.swift; sourceTree = "<group>"; };
		08490FAD28E726DF00DAB664 /* GeralApi.swift */ = {isa = PBXFileReference; lastKnownFileType = sourcecode.swift; path = GeralApi.swift; sourceTree = "<group>"; };
		08FB470028E48246000CC6E7 /* Emoji.swift */ = {isa = PBXFileReference; lastKnownFileType = sourcecode.swift; path = Emoji.swift; sourceTree = "<group>"; };
		08FB470228E48B03000CC6E7 /* Emoji+Mock.swift */ = {isa = PBXFileReference; lastKnownFileType = sourcecode.swift; path = "Emoji+Mock.swift"; sourceTree = "<group>"; };
		08FB470528E491D4000CC6E7 /* LiveEmojiStorage.swift */ = {isa = PBXFileReference; lastKnownFileType = sourcecode.swift; path = LiveEmojiStorage.swift; sourceTree = "<group>"; };
		08FB470A28E4AB51000CC6E7 /* EmojiCell.swift */ = {isa = PBXFileReference; lastKnownFileType = sourcecode.swift; path = EmojiCell.swift; sourceTree = "<group>"; };
/* End PBXFileReference section */

/* Begin PBXFrameworksBuildPhase section */
		081F2B8D28DDC2860003AB99 /* Frameworks */ = {
			isa = PBXFrameworksBuildPhase;
			buildActionMask = 2147483647;
			files = (
				089CA0B528E31F8000386DF0 /* Alamofire in Frameworks */,
			);
			runOnlyForDeploymentPostprocessing = 0;
		};
/* End PBXFrameworksBuildPhase section */

/* Begin PBXGroup section */
		081F2B8728DDC2860003AB99 = {
			isa = PBXGroup;
			children = (
				081F2B9228DDC2860003AB99 /* Challange-1-iOS */,
				081F2B9128DDC2860003AB99 /* Products */,
			);
			sourceTree = "<group>";
		};
		081F2B9128DDC2860003AB99 /* Products */ = {
			isa = PBXGroup;
			children = (
				081F2B9028DDC2860003AB99 /* Challange-1-iOS.app */,
			);
			name = Products;
			sourceTree = "<group>";
		};
		081F2B9228DDC2860003AB99 /* Challange-1-iOS */ = {
			isa = PBXGroup;
			children = (
				08490FAA28E6F6AC00DAB664 /* API */,
				08FB470928E4AB43000CC6E7 /* Cell */,
				08FB470428E491B7000CC6E7 /* Storage */,
				08FB46FF28E4823D000CC6E7 /* Model */,
				081F2B9328DDC2860003AB99 /* AppDelegate.swift */,
				081F2B9528DDC2860003AB99 /* SceneDelegate.swift */,
				08DEF20D28E0D6A100B98548 /* ViewControllers */,
				081F2B9C28DDC2870003AB99 /* Assets.xcassets */,
				081F2B9E28DDC2870003AB99 /* LaunchScreen.storyboard */,
				081F2BA128DDC2870003AB99 /* Info.plist */,
				0817A4F428E1B774007217C2 /* Coordinator.swift */,
				0817A4F628E1B898007217C2 /* MainCoordinator.swift */,
			);
			path = "Challange-1-iOS";
			sourceTree = "<group>";
		};
		08490FAA28E6F6AC00DAB664 /* API */ = {
			isa = PBXGroup;
			children = (
				08490FAB28E723B800DAB664 /* EmojiApi.swift */,
				08490FAD28E726DF00DAB664 /* GeralApi.swift */,
			);
			path = API;
			sourceTree = "<group>";
		};
		08DEF20D28E0D6A100B98548 /* ViewControllers */ = {
			isa = PBXGroup;
			children = (
				081F2B9728DDC2860003AB99 /* MainViewController.swift */,
				0817A4EC28E1A1D6007217C2 /* EmojisListViewController.swift */,
				0817A4F028E1AE17007217C2 /* AvatarsListViewController.swift */,
				0817A4F228E1AE2F007217C2 /* AppleReposViewController.swift */,
			);
			path = ViewControllers;
			sourceTree = "<group>";
		};
		08FB46FF28E4823D000CC6E7 /* Model */ = {
			isa = PBXGroup;
			children = (
				08FB470028E48246000CC6E7 /* Emoji.swift */,
				08FB470228E48B03000CC6E7 /* Emoji+Mock.swift */,
			);
			path = Model;
			sourceTree = "<group>";
		};
		08FB470428E491B7000CC6E7 /* Storage */ = {
			isa = PBXGroup;
			children = (
				08FB470528E491D4000CC6E7 /* LiveEmojiStorage.swift */,
			);
			path = Storage;
			sourceTree = "<group>";
		};
		08FB470928E4AB43000CC6E7 /* Cell */ = {
			isa = PBXGroup;
			children = (
				08FB470A28E4AB51000CC6E7 /* EmojiCell.swift */,
			);
			path = Cell;
			sourceTree = "<group>";
		};
/* End PBXGroup section */

/* Begin PBXNativeTarget section */
		081F2B8F28DDC2860003AB99 /* Challange-1-iOS */ = {
			isa = PBXNativeTarget;
			buildConfigurationList = 081F2BBA28DDC2870003AB99 /* Build configuration list for PBXNativeTarget "Challange-1-iOS" */;
			buildPhases = (
				081F2B8C28DDC2860003AB99 /* Sources */,
				081F2B8D28DDC2860003AB99 /* Frameworks */,
				081F2B8E28DDC2860003AB99 /* Resources */,
			);
			buildRules = (
			);
			dependencies = (
			);
			name = "Challange-1-iOS";
			packageProductDependencies = (
				089CA0B428E31F8000386DF0 /* Alamofire */,
			);
			productName = "Challange-1-iOS";
			productReference = 081F2B9028DDC2860003AB99 /* Challange-1-iOS.app */;
			productType = "com.apple.product-type.application";
		};
/* End PBXNativeTarget section */

/* Begin PBXProject section */
		081F2B8828DDC2860003AB99 /* Project object */ = {
			isa = PBXProject;
			attributes = {
				BuildIndependentTargetsInParallel = 1;
				LastSwiftUpdateCheck = 1340;
				LastUpgradeCheck = 1340;
				TargetAttributes = {
					081F2B8F28DDC2860003AB99 = {
						CreatedOnToolsVersion = 13.4.1;
					};
				};
			};
			buildConfigurationList = 081F2B8B28DDC2860003AB99 /* Build configuration list for PBXProject "Challange-1-iOS" */;
			compatibilityVersion = "Xcode 13.0";
			developmentRegion = en;
			hasScannedForEncodings = 0;
			knownRegions = (
				en,
				Base,
			);
			mainGroup = 081F2B8728DDC2860003AB99;
			packageReferences = (
				089CA0B328E31F8000386DF0 /* XCRemoteSwiftPackageReference "Alamofire" */,
			);
			productRefGroup = 081F2B9128DDC2860003AB99 /* Products */;
			projectDirPath = "";
			projectRoot = "";
			targets = (
				081F2B8F28DDC2860003AB99 /* Challange-1-iOS */,
			);
		};
/* End PBXProject section */

/* Begin PBXResourcesBuildPhase section */
		081F2B8E28DDC2860003AB99 /* Resources */ = {
			isa = PBXResourcesBuildPhase;
			buildActionMask = 2147483647;
			files = (
				081F2BA028DDC2870003AB99 /* LaunchScreen.storyboard in Resources */,
				081F2B9D28DDC2870003AB99 /* Assets.xcassets in Resources */,
			);
			runOnlyForDeploymentPostprocessing = 0;
		};
/* End PBXResourcesBuildPhase section */

/* Begin PBXSourcesBuildPhase section */
		081F2B8C28DDC2860003AB99 /* Sources */ = {
			isa = PBXSourcesBuildPhase;
			buildActionMask = 2147483647;
			files = (
				0817A4F128E1AE17007217C2 /* AvatarsListViewController.swift in Sources */,
				081F2B9828DDC2860003AB99 /* MainViewController.swift in Sources */,
				0817A4F728E1B898007217C2 /* MainCoordinator.swift in Sources */,
				08FB470128E48246000CC6E7 /* Emoji.swift in Sources */,
				081F2B9428DDC2860003AB99 /* AppDelegate.swift in Sources */,
				08FB470B28E4AB51000CC6E7 /* EmojiCell.swift in Sources */,
				081F2B9628DDC2860003AB99 /* SceneDelegate.swift in Sources */,
				0817A4F328E1AE2F007217C2 /* AppleReposViewController.swift in Sources */,
				08490FAE28E726DF00DAB664 /* GeralApi.swift in Sources */,
				08490FAC28E723B800DAB664 /* EmojiApi.swift in Sources */,
				0817A4ED28E1A1D6007217C2 /* EmojisListViewController.swift in Sources */,
				0817A4F528E1B774007217C2 /* Coordinator.swift in Sources */,
				08FB470328E48B03000CC6E7 /* Emoji+Mock.swift in Sources */,
				08FB470628E491D4000CC6E7 /* LiveEmojiStorage.swift in Sources */,
			);
			runOnlyForDeploymentPostprocessing = 0;
		};
/* End PBXSourcesBuildPhase section */

/* Begin PBXVariantGroup section */
		081F2B9E28DDC2870003AB99 /* LaunchScreen.storyboard */ = {
			isa = PBXVariantGroup;
			children = (
				081F2B9F28DDC2870003AB99 /* Base */,
			);
			name = LaunchScreen.storyboard;
			sourceTree = "<group>";
		};
/* End PBXVariantGroup section */

/* Begin XCBuildConfiguration section */
		081F2BB828DDC2870003AB99 /* Debug */ = {
			isa = XCBuildConfiguration;
			buildSettings = {
				ALWAYS_SEARCH_USER_PATHS = NO;
				CLANG_ANALYZER_NONNULL = YES;
				CLANG_ANALYZER_NUMBER_OBJECT_CONVERSION = YES_AGGRESSIVE;
				CLANG_CXX_LANGUAGE_STANDARD = "gnu++17";
				CLANG_ENABLE_MODULES = YES;
				CLANG_ENABLE_OBJC_ARC = YES;
				CLANG_ENABLE_OBJC_WEAK = YES;
				CLANG_WARN_BLOCK_CAPTURE_AUTORELEASING = YES;
				CLANG_WARN_BOOL_CONVERSION = YES;
				CLANG_WARN_COMMA = YES;
				CLANG_WARN_CONSTANT_CONVERSION = YES;
				CLANG_WARN_DEPRECATED_OBJC_IMPLEMENTATIONS = YES;
				CLANG_WARN_DIRECT_OBJC_ISA_USAGE = YES_ERROR;
				CLANG_WARN_DOCUMENTATION_COMMENTS = YES;
				CLANG_WARN_EMPTY_BODY = YES;
				CLANG_WARN_ENUM_CONVERSION = YES;
				CLANG_WARN_INFINITE_RECURSION = YES;
				CLANG_WARN_INT_CONVERSION = YES;
				CLANG_WARN_NON_LITERAL_NULL_CONVERSION = YES;
				CLANG_WARN_OBJC_IMPLICIT_RETAIN_SELF = YES;
				CLANG_WARN_OBJC_LITERAL_CONVERSION = YES;
				CLANG_WARN_OBJC_ROOT_CLASS = YES_ERROR;
				CLANG_WARN_QUOTED_INCLUDE_IN_FRAMEWORK_HEADER = YES;
				CLANG_WARN_RANGE_LOOP_ANALYSIS = YES;
				CLANG_WARN_STRICT_PROTOTYPES = YES;
				CLANG_WARN_SUSPICIOUS_MOVE = YES;
				CLANG_WARN_UNGUARDED_AVAILABILITY = YES_AGGRESSIVE;
				CLANG_WARN_UNREACHABLE_CODE = YES;
				CLANG_WARN__DUPLICATE_METHOD_MATCH = YES;
				COPY_PHASE_STRIP = NO;
				DEBUG_INFORMATION_FORMAT = dwarf;
				ENABLE_STRICT_OBJC_MSGSEND = YES;
				ENABLE_TESTABILITY = YES;
				GCC_C_LANGUAGE_STANDARD = gnu11;
				GCC_DYNAMIC_NO_PIC = NO;
				GCC_NO_COMMON_BLOCKS = YES;
				GCC_OPTIMIZATION_LEVEL = 0;
				GCC_PREPROCESSOR_DEFINITIONS = (
					"DEBUG=1",
					"$(inherited)",
				);
				GCC_WARN_64_TO_32_BIT_CONVERSION = YES;
				GCC_WARN_ABOUT_RETURN_TYPE = YES_ERROR;
				GCC_WARN_UNDECLARED_SELECTOR = YES;
				GCC_WARN_UNINITIALIZED_AUTOS = YES_AGGRESSIVE;
				GCC_WARN_UNUSED_FUNCTION = YES;
				GCC_WARN_UNUSED_VARIABLE = YES;
				IPHONEOS_DEPLOYMENT_TARGET = 15.5;
				MTL_ENABLE_DEBUG_INFO = INCLUDE_SOURCE;
				MTL_FAST_MATH = YES;
				ONLY_ACTIVE_ARCH = YES;
				SDKROOT = iphoneos;
				SWIFT_ACTIVE_COMPILATION_CONDITIONS = DEBUG;
				SWIFT_OPTIMIZATION_LEVEL = "-Onone";
			};
			name = Debug;
		};
		081F2BB928DDC2870003AB99 /* Release */ = {
			isa = XCBuildConfiguration;
			buildSettings = {
				ALWAYS_SEARCH_USER_PATHS = NO;
				CLANG_ANALYZER_NONNULL = YES;
				CLANG_ANALYZER_NUMBER_OBJECT_CONVERSION = YES_AGGRESSIVE;
				CLANG_CXX_LANGUAGE_STANDARD = "gnu++17";
				CLANG_ENABLE_MODULES = YES;
				CLANG_ENABLE_OBJC_ARC = YES;
				CLANG_ENABLE_OBJC_WEAK = YES;
				CLANG_WARN_BLOCK_CAPTURE_AUTORELEASING = YES;
				CLANG_WARN_BOOL_CONVERSION = YES;
				CLANG_WARN_COMMA = YES;
				CLANG_WARN_CONSTANT_CONVERSION = YES;
				CLANG_WARN_DEPRECATED_OBJC_IMPLEMENTATIONS = YES;
				CLANG_WARN_DIRECT_OBJC_ISA_USAGE = YES_ERROR;
				CLANG_WARN_DOCUMENTATION_COMMENTS = YES;
				CLANG_WARN_EMPTY_BODY = YES;
				CLANG_WARN_ENUM_CONVERSION = YES;
				CLANG_WARN_INFINITE_RECURSION = YES;
				CLANG_WARN_INT_CONVERSION = YES;
				CLANG_WARN_NON_LITERAL_NULL_CONVERSION = YES;
				CLANG_WARN_OBJC_IMPLICIT_RETAIN_SELF = YES;
				CLANG_WARN_OBJC_LITERAL_CONVERSION = YES;
				CLANG_WARN_OBJC_ROOT_CLASS = YES_ERROR;
				CLANG_WARN_QUOTED_INCLUDE_IN_FRAMEWORK_HEADER = YES;
				CLANG_WARN_RANGE_LOOP_ANALYSIS = YES;
				CLANG_WARN_STRICT_PROTOTYPES = YES;
				CLANG_WARN_SUSPICIOUS_MOVE = YES;
				CLANG_WARN_UNGUARDED_AVAILABILITY = YES_AGGRESSIVE;
				CLANG_WARN_UNREACHABLE_CODE = YES;
				CLANG_WARN__DUPLICATE_METHOD_MATCH = YES;
				COPY_PHASE_STRIP = NO;
				DEBUG_INFORMATION_FORMAT = "dwarf-with-dsym";
				ENABLE_NS_ASSERTIONS = NO;
				ENABLE_STRICT_OBJC_MSGSEND = YES;
				GCC_C_LANGUAGE_STANDARD = gnu11;
				GCC_NO_COMMON_BLOCKS = YES;
				GCC_WARN_64_TO_32_BIT_CONVERSION = YES;
				GCC_WARN_ABOUT_RETURN_TYPE = YES_ERROR;
				GCC_WARN_UNDECLARED_SELECTOR = YES;
				GCC_WARN_UNINITIALIZED_AUTOS = YES_AGGRESSIVE;
				GCC_WARN_UNUSED_FUNCTION = YES;
				GCC_WARN_UNUSED_VARIABLE = YES;
				IPHONEOS_DEPLOYMENT_TARGET = 15.5;
				MTL_ENABLE_DEBUG_INFO = NO;
				MTL_FAST_MATH = YES;
				SDKROOT = iphoneos;
				SWIFT_COMPILATION_MODE = wholemodule;
				SWIFT_OPTIMIZATION_LEVEL = "-O";
				VALIDATE_PRODUCT = YES;
			};
			name = Release;
		};
		081F2BBB28DDC2870003AB99 /* Debug */ = {
			isa = XCBuildConfiguration;
			buildSettings = {
				ASSETCATALOG_COMPILER_APPICON_NAME = AppIcon;
				ASSETCATALOG_COMPILER_GLOBAL_ACCENT_COLOR_NAME = AccentColor;
				CODE_SIGN_STYLE = Automatic;
				CURRENT_PROJECT_VERSION = 1;
				GENERATE_INFOPLIST_FILE = YES;
				INFOPLIST_FILE = "Challange-1-iOS/Info.plist";
				INFOPLIST_KEY_UIApplicationSupportsIndirectInputEvents = YES;
				INFOPLIST_KEY_UILaunchStoryboardName = LaunchScreen;
				INFOPLIST_KEY_UISupportedInterfaceOrientations_iPad = "UIInterfaceOrientationPortrait UIInterfaceOrientationPortraitUpsideDown UIInterfaceOrientationLandscapeLeft UIInterfaceOrientationLandscapeRight";
				INFOPLIST_KEY_UISupportedInterfaceOrientations_iPhone = "UIInterfaceOrientationPortrait UIInterfaceOrientationLandscapeLeft UIInterfaceOrientationLandscapeRight";
				LD_RUNPATH_SEARCH_PATHS = (
					"$(inherited)",
					"@executable_path/Frameworks",
				);
				MARKETING_VERSION = 1.0;
				PRODUCT_BUNDLE_IDENTIFIER = "com.dasilva.Challange-1-iOS";
				PRODUCT_NAME = "$(TARGET_NAME)";
				SWIFT_EMIT_LOC_STRINGS = YES;
				SWIFT_VERSION = 5.0;
				TARGETED_DEVICE_FAMILY = "1,2";
			};
			name = Debug;
		};
		081F2BBC28DDC2870003AB99 /* Release */ = {
			isa = XCBuildConfiguration;
			buildSettings = {
				ASSETCATALOG_COMPILER_APPICON_NAME = AppIcon;
				ASSETCATALOG_COMPILER_GLOBAL_ACCENT_COLOR_NAME = AccentColor;
				CODE_SIGN_STYLE = Automatic;
				CURRENT_PROJECT_VERSION = 1;
				GENERATE_INFOPLIST_FILE = YES;
				INFOPLIST_FILE = "Challange-1-iOS/Info.plist";
				INFOPLIST_KEY_UIApplicationSupportsIndirectInputEvents = YES;
				INFOPLIST_KEY_UILaunchStoryboardName = LaunchScreen;
				INFOPLIST_KEY_UISupportedInterfaceOrientations_iPad = "UIInterfaceOrientationPortrait UIInterfaceOrientationPortraitUpsideDown UIInterfaceOrientationLandscapeLeft UIInterfaceOrientationLandscapeRight";
				INFOPLIST_KEY_UISupportedInterfaceOrientations_iPhone = "UIInterfaceOrientationPortrait UIInterfaceOrientationLandscapeLeft UIInterfaceOrientationLandscapeRight";
				LD_RUNPATH_SEARCH_PATHS = (
					"$(inherited)",
					"@executable_path/Frameworks",
				);
				MARKETING_VERSION = 1.0;
				PRODUCT_BUNDLE_IDENTIFIER = "com.dasilva.Challange-1-iOS";
				PRODUCT_NAME = "$(TARGET_NAME)";
				SWIFT_EMIT_LOC_STRINGS = YES;
				SWIFT_VERSION = 5.0;
				TARGETED_DEVICE_FAMILY = "1,2";
			};
			name = Release;
		};
/* End XCBuildConfiguration section */

/* Begin XCConfigurationList section */
		081F2B8B28DDC2860003AB99 /* Build configuration list for PBXProject "Challange-1-iOS" */ = {
			isa = XCConfigurationList;
			buildConfigurations = (
				081F2BB828DDC2870003AB99 /* Debug */,
				081F2BB928DDC2870003AB99 /* Release */,
			);
			defaultConfigurationIsVisible = 0;
			defaultConfigurationName = Release;
		};
		081F2BBA28DDC2870003AB99 /* Build configuration list for PBXNativeTarget "Challange-1-iOS" */ = {
			isa = XCConfigurationList;
			buildConfigurations = (
				081F2BBB28DDC2870003AB99 /* Debug */,
				081F2BBC28DDC2870003AB99 /* Release */,
			);
			defaultConfigurationIsVisible = 0;
			defaultConfigurationName = Release;
		};
/* End XCConfigurationList section */

/* Begin XCRemoteSwiftPackageReference section */
		089CA0B328E31F8000386DF0 /* XCRemoteSwiftPackageReference "Alamofire" */ = {
			isa = XCRemoteSwiftPackageReference;
			repositoryURL = "https://github.com/Alamofire/Alamofire";
			requirement = {
				kind = upToNextMajorVersion;
				minimumVersion = 5.0.0;
			};
		};
/* End XCRemoteSwiftPackageReference section */

/* Begin XCSwiftPackageProductDependency section */
		089CA0B428E31F8000386DF0 /* Alamofire */ = {
			isa = XCSwiftPackageProductDependency;
			package = 089CA0B328E31F8000386DF0 /* XCRemoteSwiftPackageReference "Alamofire" */;
			productName = Alamofire;
		};
/* End XCSwiftPackageProductDependency section */
	};
	rootObject = 081F2B8828DDC2860003AB99 /* Project object */;
}
